// !$*UTF8*$!
{
	archiveVersion = 1;
	classes = {
	};
	objectVersion = 77;
	objects = {

/* Begin PBXBuildFile section */
		D74973DA2CD3131E005C9267 /* Antlr4 in Frameworks */ = {isa = PBXBuildFile; productRef = D74973D92CD3131E005C9267 /* Antlr4 */; };
/* End PBXBuildFile section */

/* Begin PBXContainerItemProxy section */
		D71D75A82CD2E6AC00A52EE1 /* PBXContainerItemProxy */ = {
			isa = PBXContainerItemProxy;
			containerPortal = D71D758F2CD2E6AA00A52EE1 /* Project object */;
			proxyType = 1;
			remoteGlobalIDString = D71D75962CD2E6AA00A52EE1;
			remoteInfo = LittleDuckCompiler;
		};
		D71D75B22CD2E6AC00A52EE1 /* PBXContainerItemProxy */ = {
			isa = PBXContainerItemProxy;
			containerPortal = D71D758F2CD2E6AA00A52EE1 /* Project object */;
			proxyType = 1;
			remoteGlobalIDString = D71D75962CD2E6AA00A52EE1;
			remoteInfo = LittleDuckCompiler;
		};
/* End PBXContainerItemProxy section */

/* Begin PBXFileReference section */
		D71D75972CD2E6AA00A52EE1 /* LittleDuckCompiler.app */ = {isa = PBXFileReference; explicitFileType = wrapper.application; includeInIndex = 0; path = LittleDuckCompiler.app; sourceTree = BUILT_PRODUCTS_DIR; };
		D71D75A72CD2E6AC00A52EE1 /* LittleDuckCompilerTests.xctest */ = {isa = PBXFileReference; explicitFileType = wrapper.cfbundle; includeInIndex = 0; path = LittleDuckCompilerTests.xctest; sourceTree = BUILT_PRODUCTS_DIR; };
		D71D75B12CD2E6AC00A52EE1 /* LittleDuckCompilerUITests.xctest */ = {isa = PBXFileReference; explicitFileType = wrapper.cfbundle; includeInIndex = 0; path = LittleDuckCompilerUITests.xctest; sourceTree = BUILT_PRODUCTS_DIR; };
/* End PBXFileReference section */

/* Begin PBXFileSystemSynchronizedRootGroup section */
		D71D75992CD2E6AA00A52EE1 /* LittleDuckCompiler */ = {
			isa = PBXFileSystemSynchronizedRootGroup;
			path = LittleDuckCompiler;
			sourceTree = "<group>";
		};
		D71D75AA2CD2E6AC00A52EE1 /* LittleDuckCompilerTests */ = {
			isa = PBXFileSystemSynchronizedRootGroup;
			path = LittleDuckCompilerTests;
			sourceTree = "<group>";
		};
		D71D75B42CD2E6AC00A52EE1 /* LittleDuckCompilerUITests */ = {
			isa = PBXFileSystemSynchronizedRootGroup;
			path = LittleDuckCompilerUITests;
			sourceTree = "<group>";
		};
/* End PBXFileSystemSynchronizedRootGroup section */

/* Begin PBXFrameworksBuildPhase section */
		D71D75942CD2E6AA00A52EE1 /* Frameworks */ = {
			isa = PBXFrameworksBuildPhase;
			buildActionMask = 2147483647;
			files = (
				D74973DA2CD3131E005C9267 /* Antlr4 in Frameworks */,
			);
			runOnlyForDeploymentPostprocessing = 0;
		};
		D71D75A42CD2E6AC00A52EE1 /* Frameworks */ = {
			isa = PBXFrameworksBuildPhase;
			buildActionMask = 2147483647;
			files = (
			);
			runOnlyForDeploymentPostprocessing = 0;
		};
		D71D75AE2CD2E6AC00A52EE1 /* Frameworks */ = {
			isa = PBXFrameworksBuildPhase;
			buildActionMask = 2147483647;
			files = (
			);
			runOnlyForDeploymentPostprocessing = 0;
		};
/* End PBXFrameworksBuildPhase section */

/* Begin PBXGroup section */
		D71D758E2CD2E6AA00A52EE1 = {
			isa = PBXGroup;
			children = (
				D71D75992CD2E6AA00A52EE1 /* LittleDuckCompiler */,
				D71D75AA2CD2E6AC00A52EE1 /* LittleDuckCompilerTests */,
				D71D75B42CD2E6AC00A52EE1 /* LittleDuckCompilerUITests */,
				D74973D82CD3131E005C9267 /* Frameworks */,
				D71D75982CD2E6AA00A52EE1 /* Products */,
			);
			sourceTree = "<group>";
		};
		D71D75982CD2E6AA00A52EE1 /* Products */ = {
			isa = PBXGroup;
			children = (
				D71D75972CD2E6AA00A52EE1 /* LittleDuckCompiler.app */,
				D71D75A72CD2E6AC00A52EE1 /* LittleDuckCompilerTests.xctest */,
				D71D75B12CD2E6AC00A52EE1 /* LittleDuckCompilerUITests.xctest */,
			);
			name = Products;
			sourceTree = "<group>";
		};
		D74973D82CD3131E005C9267 /* Frameworks */ = {
			isa = PBXGroup;
			children = (
			);
			name = Frameworks;
			sourceTree = "<group>";
		};
/* End PBXGroup section */

/* Begin PBXNativeTarget section */
		D71D75962CD2E6AA00A52EE1 /* LittleDuckCompiler */ = {
			isa = PBXNativeTarget;
			buildConfigurationList = D71D75BB2CD2E6AC00A52EE1 /* Build configuration list for PBXNativeTarget "LittleDuckCompiler" */;
			buildPhases = (
				D71D75932CD2E6AA00A52EE1 /* Sources */,
				D71D75942CD2E6AA00A52EE1 /* Frameworks */,
				D71D75952CD2E6AA00A52EE1 /* Resources */,
			);
			buildRules = (
			);
			dependencies = (
				D74973DC2CD31323005C9267 /* PBXTargetDependency */,
			);
			fileSystemSynchronizedGroups = (
				D71D75992CD2E6AA00A52EE1 /* LittleDuckCompiler */,
			);
			name = LittleDuckCompiler;
			packageProductDependencies = (
				D74973D92CD3131E005C9267 /* Antlr4 */,
			);
			productName = LittleDuckCompiler;
			productReference = D71D75972CD2E6AA00A52EE1 /* LittleDuckCompiler.app */;
			productType = "com.apple.product-type.application";
		};
		D71D75A62CD2E6AC00A52EE1 /* LittleDuckCompilerTests */ = {
			isa = PBXNativeTarget;
			buildConfigurationList = D71D75BE2CD2E6AC00A52EE1 /* Build configuration list for PBXNativeTarget "LittleDuckCompilerTests" */;
			buildPhases = (
				D71D75A32CD2E6AC00A52EE1 /* Sources */,
				D71D75A42CD2E6AC00A52EE1 /* Frameworks */,
				D71D75A52CD2E6AC00A52EE1 /* Resources */,
			);
			buildRules = (
			);
			dependencies = (
				D71D75A92CD2E6AC00A52EE1 /* PBXTargetDependency */,
			);
			fileSystemSynchronizedGroups = (
				D71D75AA2CD2E6AC00A52EE1 /* LittleDuckCompilerTests */,
			);
			name = LittleDuckCompilerTests;
			packageProductDependencies = (
			);
			productName = LittleDuckCompilerTests;
			productReference = D71D75A72CD2E6AC00A52EE1 /* LittleDuckCompilerTests.xctest */;
			productType = "com.apple.product-type.bundle.unit-test";
		};
		D71D75B02CD2E6AC00A52EE1 /* LittleDuckCompilerUITests */ = {
			isa = PBXNativeTarget;
			buildConfigurationList = D71D75C12CD2E6AC00A52EE1 /* Build configuration list for PBXNativeTarget "LittleDuckCompilerUITests" */;
			buildPhases = (
				D71D75AD2CD2E6AC00A52EE1 /* Sources */,
				D71D75AE2CD2E6AC00A52EE1 /* Frameworks */,
				D71D75AF2CD2E6AC00A52EE1 /* Resources */,
			);
			buildRules = (
			);
			dependencies = (
				D71D75B32CD2E6AC00A52EE1 /* PBXTargetDependency */,
			);
			fileSystemSynchronizedGroups = (
				D71D75B42CD2E6AC00A52EE1 /* LittleDuckCompilerUITests */,
			);
			name = LittleDuckCompilerUITests;
			packageProductDependencies = (
			);
			productName = LittleDuckCompilerUITests;
			productReference = D71D75B12CD2E6AC00A52EE1 /* LittleDuckCompilerUITests.xctest */;
			productType = "com.apple.product-type.bundle.ui-testing";
		};
/* End PBXNativeTarget section */

/* Begin PBXProject section */
		D71D758F2CD2E6AA00A52EE1 /* Project object */ = {
			isa = PBXProject;
			attributes = {
				BuildIndependentTargetsInParallel = 1;
				LastSwiftUpdateCheck = 1600;
				LastUpgradeCheck = 1600;
				TargetAttributes = {
					D71D75962CD2E6AA00A52EE1 = {
						CreatedOnToolsVersion = 16.0;
					};
					D71D75A62CD2E6AC00A52EE1 = {
						CreatedOnToolsVersion = 16.0;
						TestTargetID = D71D75962CD2E6AA00A52EE1;
					};
					D71D75B02CD2E6AC00A52EE1 = {
						CreatedOnToolsVersion = 16.0;
						TestTargetID = D71D75962CD2E6AA00A52EE1;
					};
				};
			};
			buildConfigurationList = D71D75922CD2E6AA00A52EE1 /* Build configuration list for PBXProject "LittleDuckCompiler" */;
			developmentRegion = en;
			hasScannedForEncodings = 0;
			knownRegions = (
				en,
				Base,
			);
			mainGroup = D71D758E2CD2E6AA00A52EE1;
			minimizedProjectReferenceProxies = 1;
			packageReferences = (
				D74973D72CD312C9005C9267 /* XCRemoteSwiftPackageReference "antlr4" */,
			);
			preferredProjectObjectVersion = 77;
			productRefGroup = D71D75982CD2E6AA00A52EE1 /* Products */;
			projectDirPath = "";
			projectRoot = "";
			targets = (
				D71D75962CD2E6AA00A52EE1 /* LittleDuckCompiler */,
				D71D75A62CD2E6AC00A52EE1 /* LittleDuckCompilerTests */,
				D71D75B02CD2E6AC00A52EE1 /* LittleDuckCompilerUITests */,
			);
		};
/* End PBXProject section */

/* Begin PBXResourcesBuildPhase section */
		D71D75952CD2E6AA00A52EE1 /* Resources */ = {
			isa = PBXResourcesBuildPhase;
			buildActionMask = 2147483647;
			files = (
			);
			runOnlyForDeploymentPostprocessing = 0;
		};
		D71D75A52CD2E6AC00A52EE1 /* Resources */ = {
			isa = PBXResourcesBuildPhase;
			buildActionMask = 2147483647;
			files = (
			);
			runOnlyForDeploymentPostprocessing = 0;
		};
		D71D75AF2CD2E6AC00A52EE1 /* Resources */ = {
			isa = PBXResourcesBuildPhase;
			buildActionMask = 2147483647;
			files = (
			);
			runOnlyForDeploymentPostprocessing = 0;
		};
/* End PBXResourcesBuildPhase section */

/* Begin PBXSourcesBuildPhase section */
		D71D75932CD2E6AA00A52EE1 /* Sources */ = {
			isa = PBXSourcesBuildPhase;
			buildActionMask = 2147483647;
			files = (
			);
			runOnlyForDeploymentPostprocessing = 0;
		};
		D71D75A32CD2E6AC00A52EE1 /* Sources */ = {
			isa = PBXSourcesBuildPhase;
			buildActionMask = 2147483647;
			files = (
			);
			runOnlyForDeploymentPostprocessing = 0;
		};
		D71D75AD2CD2E6AC00A52EE1 /* Sources */ = {
			isa = PBXSourcesBuildPhase;
			buildActionMask = 2147483647;
			files = (
			);
			runOnlyForDeploymentPostprocessing = 0;
		};
/* End PBXSourcesBuildPhase section */

/* Begin PBXTargetDependency section */
		D71D75A92CD2E6AC00A52EE1 /* PBXTargetDependency */ = {
			isa = PBXTargetDependency;
			target = D71D75962CD2E6AA00A52EE1 /* LittleDuckCompiler */;
			targetProxy = D71D75A82CD2E6AC00A52EE1 /* PBXContainerItemProxy */;
		};
		D71D75B32CD2E6AC00A52EE1 /* PBXTargetDependency */ = {
			isa = PBXTargetDependency;
			target = D71D75962CD2E6AA00A52EE1 /* LittleDuckCompiler */;
			targetProxy = D71D75B22CD2E6AC00A52EE1 /* PBXContainerItemProxy */;
		};
		D74973DC2CD31323005C9267 /* PBXTargetDependency */ = {
			isa = PBXTargetDependency;
			productRef = D74973DB2CD31323005C9267 /* Antlr4 */;
		};
/* End PBXTargetDependency section */

/* Begin XCBuildConfiguration section */
		D71D75B92CD2E6AC00A52EE1 /* Debug */ = {
			isa = XCBuildConfiguration;
			buildSettings = {
				ALWAYS_SEARCH_USER_PATHS = NO;
				ASSETCATALOG_COMPILER_GENERATE_SWIFT_ASSET_SYMBOL_EXTENSIONS = YES;
				CLANG_ANALYZER_NONNULL = YES;
				CLANG_ANALYZER_NUMBER_OBJECT_CONVERSION = YES_AGGRESSIVE;
				CLANG_CXX_LANGUAGE_STANDARD = "gnu++20";
				CLANG_ENABLE_MODULES = YES;
				CLANG_ENABLE_OBJC_ARC = YES;
				CLANG_ENABLE_OBJC_WEAK = YES;
				CLANG_WARN_BLOCK_CAPTURE_AUTORELEASING = YES;
				CLANG_WARN_BOOL_CONVERSION = YES;
				CLANG_WARN_COMMA = YES;
				CLANG_WARN_CONSTANT_CONVERSION = YES;
				CLANG_WARN_DEPRECATED_OBJC_IMPLEMENTATIONS = YES;
				CLANG_WARN_DIRECT_OBJC_ISA_USAGE = YES_ERROR;
				CLANG_WARN_DOCUMENTATION_COMMENTS = YES;
				CLANG_WARN_EMPTY_BODY = YES;
				CLANG_WARN_ENUM_CONVERSION = YES;
				CLANG_WARN_INFINITE_RECURSION = YES;
				CLANG_WARN_INT_CONVERSION = YES;
				CLANG_WARN_NON_LITERAL_NULL_CONVERSION = YES;
				CLANG_WARN_OBJC_IMPLICIT_RETAIN_SELF = YES;
				CLANG_WARN_OBJC_LITERAL_CONVERSION = YES;
				CLANG_WARN_OBJC_ROOT_CLASS = YES_ERROR;
				CLANG_WARN_QUOTED_INCLUDE_IN_FRAMEWORK_HEADER = YES;
				CLANG_WARN_RANGE_LOOP_ANALYSIS = YES;
				CLANG_WARN_STRICT_PROTOTYPES = YES;
				CLANG_WARN_SUSPICIOUS_MOVE = YES;
				CLANG_WARN_UNGUARDED_AVAILABILITY = YES_AGGRESSIVE;
				CLANG_WARN_UNREACHABLE_CODE = YES;
				CLANG_WARN__DUPLICATE_METHOD_MATCH = YES;
				COPY_PHASE_STRIP = NO;
				DEBUG_INFORMATION_FORMAT = dwarf;
				ENABLE_STRICT_OBJC_MSGSEND = YES;
				ENABLE_TESTABILITY = YES;
				ENABLE_USER_SCRIPT_SANDBOXING = YES;
				GCC_C_LANGUAGE_STANDARD = gnu17;
				GCC_DYNAMIC_NO_PIC = NO;
				GCC_NO_COMMON_BLOCKS = YES;
				GCC_OPTIMIZATION_LEVEL = 0;
				GCC_PREPROCESSOR_DEFINITIONS = (
					"DEBUG=1",
					"$(inherited)",
				);
				GCC_WARN_64_TO_32_BIT_CONVERSION = YES;
				GCC_WARN_ABOUT_RETURN_TYPE = YES_ERROR;
				GCC_WARN_UNDECLARED_SELECTOR = YES;
				GCC_WARN_UNINITIALIZED_AUTOS = YES_AGGRESSIVE;
				GCC_WARN_UNUSED_FUNCTION = YES;
				GCC_WARN_UNUSED_VARIABLE = YES;
				IPHONEOS_DEPLOYMENT_TARGET = 18.0;
				LOCALIZATION_PREFERS_STRING_CATALOGS = YES;
				MTL_ENABLE_DEBUG_INFO = INCLUDE_SOURCE;
				MTL_FAST_MATH = YES;
				ONLY_ACTIVE_ARCH = YES;
				SDKROOT = iphoneos;
				SWIFT_ACTIVE_COMPILATION_CONDITIONS = "DEBUG $(inherited)";
				SWIFT_OPTIMIZATION_LEVEL = "-Onone";
			};
			name = Debug;
		};
		D71D75BA2CD2E6AC00A52EE1 /* Release */ = {
			isa = XCBuildConfiguration;
			buildSettings = {
				ALWAYS_SEARCH_USER_PATHS = NO;
				ASSETCATALOG_COMPILER_GENERATE_SWIFT_ASSET_SYMBOL_EXTENSIONS = YES;
				CLANG_ANALYZER_NONNULL = YES;
				CLANG_ANALYZER_NUMBER_OBJECT_CONVERSION = YES_AGGRESSIVE;
				CLANG_CXX_LANGUAGE_STANDARD = "gnu++20";
				CLANG_ENABLE_MODULES = YES;
				CLANG_ENABLE_OBJC_ARC = YES;
				CLANG_ENABLE_OBJC_WEAK = YES;
				CLANG_WARN_BLOCK_CAPTURE_AUTORELEASING = YES;
				CLANG_WARN_BOOL_CONVERSION = YES;
				CLANG_WARN_COMMA = YES;
				CLANG_WARN_CONSTANT_CONVERSION = YES;
				CLANG_WARN_DEPRECATED_OBJC_IMPLEMENTATIONS = YES;
				CLANG_WARN_DIRECT_OBJC_ISA_USAGE = YES_ERROR;
				CLANG_WARN_DOCUMENTATION_COMMENTS = YES;
				CLANG_WARN_EMPTY_BODY = YES;
				CLANG_WARN_ENUM_CONVERSION = YES;
				CLANG_WARN_INFINITE_RECURSION = YES;
				CLANG_WARN_INT_CONVERSION = YES;
				CLANG_WARN_NON_LITERAL_NULL_CONVERSION = YES;
				CLANG_WARN_OBJC_IMPLICIT_RETAIN_SELF = YES;
				CLANG_WARN_OBJC_LITERAL_CONVERSION = YES;
				CLANG_WARN_OBJC_ROOT_CLASS = YES_ERROR;
				CLANG_WARN_QUOTED_INCLUDE_IN_FRAMEWORK_HEADER = YES;
				CLANG_WARN_RANGE_LOOP_ANALYSIS = YES;
				CLANG_WARN_STRICT_PROTOTYPES = YES;
				CLANG_WARN_SUSPICIOUS_MOVE = YES;
				CLANG_WARN_UNGUARDED_AVAILABILITY = YES_AGGRESSIVE;
				CLANG_WARN_UNREACHABLE_CODE = YES;
				CLANG_WARN__DUPLICATE_METHOD_MATCH = YES;
				COPY_PHASE_STRIP = NO;
				DEBUG_INFORMATION_FORMAT = "dwarf-with-dsym";
				ENABLE_NS_ASSERTIONS = NO;
				ENABLE_STRICT_OBJC_MSGSEND = YES;
				ENABLE_USER_SCRIPT_SANDBOXING = YES;
				GCC_C_LANGUAGE_STANDARD = gnu17;
				GCC_NO_COMMON_BLOCKS = YES;
				GCC_WARN_64_TO_32_BIT_CONVERSION = YES;
				GCC_WARN_ABOUT_RETURN_TYPE = YES_ERROR;
				GCC_WARN_UNDECLARED_SELECTOR = YES;
				GCC_WARN_UNINITIALIZED_AUTOS = YES_AGGRESSIVE;
				GCC_WARN_UNUSED_FUNCTION = YES;
				GCC_WARN_UNUSED_VARIABLE = YES;
				IPHONEOS_DEPLOYMENT_TARGET = 18.0;
				LOCALIZATION_PREFERS_STRING_CATALOGS = YES;
				MTL_ENABLE_DEBUG_INFO = NO;
				MTL_FAST_MATH = YES;
				SDKROOT = iphoneos;
				SWIFT_COMPILATION_MODE = wholemodule;
				VALIDATE_PRODUCT = YES;
			};
			name = Release;
		};
		D71D75BC2CD2E6AC00A52EE1 /* Debug */ = {
			isa = XCBuildConfiguration;
			buildSettings = {
				ASSETCATALOG_COMPILER_APPICON_NAME = AppIcon;
				ASSETCATALOG_COMPILER_GLOBAL_ACCENT_COLOR_NAME = AccentColor;
				CODE_SIGN_STYLE = Automatic;
				CURRENT_PROJECT_VERSION = 1;
				DEVELOPMENT_ASSET_PATHS = "\"LittleDuckCompiler/Preview Content\"";
				DEVELOPMENT_TEAM = U9JXWD2ZKD;
				ENABLE_PREVIEWS = YES;
				GENERATE_INFOPLIST_FILE = YES;
				INFOPLIST_KEY_CFBundleDisplayName = LittleDuckCompiler;
				INFOPLIST_KEY_UIApplicationSceneManifest_Generation = YES;
				INFOPLIST_KEY_UIApplicationSupportsIndirectInputEvents = YES;
				INFOPLIST_KEY_UILaunchScreen_Generation = YES;
				INFOPLIST_KEY_UISupportedInterfaceOrientations_iPad = "UIInterfaceOrientationPortrait UIInterfaceOrientationPortraitUpsideDown UIInterfaceOrientationLandscapeLeft UIInterfaceOrientationLandscapeRight";
				INFOPLIST_KEY_UISupportedInterfaceOrientations_iPhone = "UIInterfaceOrientationPortrait UIInterfaceOrientationLandscapeLeft UIInterfaceOrientationLandscapeRight";
				LD_RUNPATH_SEARCH_PATHS = (
					"$(inherited)",
					"@executable_path/Frameworks",
				);
				MARKETING_VERSION = 1.0;
				PRODUCT_BUNDLE_IDENTIFIER = sashamoroz.LittleDuckCompiler;
				PRODUCT_NAME = "$(TARGET_NAME)";
				SWIFT_EMIT_LOC_STRINGS = YES;
				SWIFT_VERSION = 5.0;
				TARGETED_DEVICE_FAMILY = "1,2";
			};
			name = Debug;
		};
		D71D75BD2CD2E6AC00A52EE1 /* Release */ = {
			isa = XCBuildConfiguration;
			buildSettings = {
				ASSETCATALOG_COMPILER_APPICON_NAME = AppIcon;
				ASSETCATALOG_COMPILER_GLOBAL_ACCENT_COLOR_NAME = AccentColor;
				CODE_SIGN_STYLE = Automatic;
				CURRENT_PROJECT_VERSION = 1;
				DEVELOPMENT_ASSET_PATHS = "\"LittleDuckCompiler/Preview Content\"";
				DEVELOPMENT_TEAM = U9JXWD2ZKD;
				ENABLE_PREVIEWS = YES;
				GENERATE_INFOPLIST_FILE = YES;
				INFOPLIST_KEY_CFBundleDisplayName = LittleDuckCompiler;
				INFOPLIST_KEY_UIApplicationSceneManifest_Generation = YES;
				INFOPLIST_KEY_UIApplicationSupportsIndirectInputEvents = YES;
				INFOPLIST_KEY_UILaunchScreen_Generation = YES;
				INFOPLIST_KEY_UISupportedInterfaceOrientations_iPad = "UIInterfaceOrientationPortrait UIInterfaceOrientationPortraitUpsideDown UIInterfaceOrientationLandscapeLeft UIInterfaceOrientationLandscapeRight";
				INFOPLIST_KEY_UISupportedInterfaceOrientations_iPhone = "UIInterfaceOrientationPortrait UIInterfaceOrientationLandscapeLeft UIInterfaceOrientationLandscapeRight";
				LD_RUNPATH_SEARCH_PATHS = (
					"$(inherited)",
					"@executable_path/Frameworks",
				);
				MARKETING_VERSION = 1.0;
				PRODUCT_BUNDLE_IDENTIFIER = sashamoroz.LittleDuckCompiler;
				PRODUCT_NAME = "$(TARGET_NAME)";
				SWIFT_EMIT_LOC_STRINGS = YES;
				SWIFT_VERSION = 5.0;
				TARGETED_DEVICE_FAMILY = "1,2";
			};
			name = Release;
		};
		D71D75BF2CD2E6AC00A52EE1 /* Debug */ = {
			isa = XCBuildConfiguration;
			buildSettings = {
				BUNDLE_LOADER = "$(TEST_HOST)";
				CODE_SIGN_STYLE = Automatic;
				CURRENT_PROJECT_VERSION = 1;
				DEVELOPMENT_TEAM = U9JXWD2ZKD;
				GENERATE_INFOPLIST_FILE = YES;
				IPHONEOS_DEPLOYMENT_TARGET = 18.0;
				MARKETING_VERSION = 1.0;
				PRODUCT_BUNDLE_IDENTIFIER = sashamoroz.LittleDuckCompilerTests;
				PRODUCT_NAME = "$(TARGET_NAME)";
				SWIFT_EMIT_LOC_STRINGS = NO;
				SWIFT_VERSION = 5.0;
				TARGETED_DEVICE_FAMILY = "1,2";
				TEST_HOST = "$(BUILT_PRODUCTS_DIR)/LittleDuckCompiler.app/$(BUNDLE_EXECUTABLE_FOLDER_PATH)/LittleDuckCompiler";
			};
			name = Debug;
		};
		D71D75C02CD2E6AC00A52EE1 /* Release */ = {
			isa = XCBuildConfiguration;
			buildSettings = {
				BUNDLE_LOADER = "$(TEST_HOST)";
				CODE_SIGN_STYLE = Automatic;
				CURRENT_PROJECT_VERSION = 1;
				DEVELOPMENT_TEAM = U9JXWD2ZKD;
				GENERATE_INFOPLIST_FILE = YES;
				IPHONEOS_DEPLOYMENT_TARGET = 18.0;
				MARKETING_VERSION = 1.0;
				PRODUCT_BUNDLE_IDENTIFIER = sashamoroz.LittleDuckCompilerTests;
				PRODUCT_NAME = "$(TARGET_NAME)";
				SWIFT_EMIT_LOC_STRINGS = NO;
				SWIFT_VERSION = 5.0;
				TARGETED_DEVICE_FAMILY = "1,2";
				TEST_HOST = "$(BUILT_PRODUCTS_DIR)/LittleDuckCompiler.app/$(BUNDLE_EXECUTABLE_FOLDER_PATH)/LittleDuckCompiler";
			};
			name = Release;
		};
		D71D75C22CD2E6AC00A52EE1 /* Debug */ = {
			isa = XCBuildConfiguration;
			buildSettings = {
				CODE_SIGN_STYLE = Automatic;
				CURRENT_PROJECT_VERSION = 1;
				DEVELOPMENT_TEAM = U9JXWD2ZKD;
				GENERATE_INFOPLIST_FILE = YES;
				MARKETING_VERSION = 1.0;
				PRODUCT_BUNDLE_IDENTIFIER = sashamoroz.LittleDuckCompilerUITests;
				PRODUCT_NAME = "$(TARGET_NAME)";
				SWIFT_EMIT_LOC_STRINGS = NO;
				SWIFT_VERSION = 5.0;
				TARGETED_DEVICE_FAMILY = "1,2";
				TEST_TARGET_NAME = LittleDuckCompiler;
			};
			name = Debug;
		};
		D71D75C32CD2E6AC00A52EE1 /* Release */ = {
			isa = XCBuildConfiguration;
			buildSettings = {
				CODE_SIGN_STYLE = Automatic;
				CURRENT_PROJECT_VERSION = 1;
				DEVELOPMENT_TEAM = U9JXWD2ZKD;
				GENERATE_INFOPLIST_FILE = YES;
				MARKETING_VERSION = 1.0;
				PRODUCT_BUNDLE_IDENTIFIER = sashamoroz.LittleDuckCompilerUITests;
				PRODUCT_NAME = "$(TARGET_NAME)";
				SWIFT_EMIT_LOC_STRINGS = NO;
				SWIFT_VERSION = 5.0;
				TARGETED_DEVICE_FAMILY = "1,2";
				TEST_TARGET_NAME = LittleDuckCompiler;
			};
			name = Release;
		};
/* End XCBuildConfiguration section */

/* Begin XCConfigurationList section */
		D71D75922CD2E6AA00A52EE1 /* Build configuration list for PBXProject "LittleDuckCompiler" */ = {
			isa = XCConfigurationList;
			buildConfigurations = (
				D71D75B92CD2E6AC00A52EE1 /* Debug */,
				D71D75BA2CD2E6AC00A52EE1 /* Release */,
			);
			defaultConfigurationIsVisible = 0;
			defaultConfigurationName = Release;
		};
		D71D75BB2CD2E6AC00A52EE1 /* Build configuration list for PBXNativeTarget "LittleDuckCompiler" */ = {
			isa = XCConfigurationList;
			buildConfigurations = (
				D71D75BC2CD2E6AC00A52EE1 /* Debug */,
				D71D75BD2CD2E6AC00A52EE1 /* Release */,
			);
			defaultConfigurationIsVisible = 0;
			defaultConfigurationName = Release;
		};
		D71D75BE2CD2E6AC00A52EE1 /* Build configuration list for PBXNativeTarget "LittleDuckCompilerTests" */ = {
			isa = XCConfigurationList;
			buildConfigurations = (
				D71D75BF2CD2E6AC00A52EE1 /* Debug */,
				D71D75C02CD2E6AC00A52EE1 /* Release */,
			);
			defaultConfigurationIsVisible = 0;
			defaultConfigurationName = Release;
		};
		D71D75C12CD2E6AC00A52EE1 /* Build configuration list for PBXNativeTarget "LittleDuckCompilerUITests" */ = {
			isa = XCConfigurationList;
			buildConfigurations = (
				D71D75C22CD2E6AC00A52EE1 /* Debug */,
				D71D75C32CD2E6AC00A52EE1 /* Release */,
			);
			defaultConfigurationIsVisible = 0;
			defaultConfigurationName = Release;
		};
/* End XCConfigurationList section */

/* Begin XCRemoteSwiftPackageReference section */
		D74973D72CD312C9005C9267 /* XCRemoteSwiftPackageReference "antlr4" */ = {
			isa = XCRemoteSwiftPackageReference;
			repositoryURL = "https://github.com/antlr/antlr4.git";
			requirement = {
				kind = upToNextMajorVersion;
				minimumVersion = 4.13.2;
			};
		};
/* End XCRemoteSwiftPackageReference section */

/* Begin XCSwiftPackageProductDependency section */
		D74973D92CD3131E005C9267 /* Antlr4 */ = {
			isa = XCSwiftPackageProductDependency;
			package = D74973D72CD312C9005C9267 /* XCRemoteSwiftPackageReference "antlr4" */;
			productName = Antlr4;
		};
		D74973DB2CD31323005C9267 /* Antlr4 */ = {
			isa = XCSwiftPackageProductDependency;
			package = D74973D72CD312C9005C9267 /* XCRemoteSwiftPackageReference "antlr4" */;
			productName = Antlr4;
		};
/* End XCSwiftPackageProductDependency section */
	};
	rootObject = D71D758F2CD2E6AA00A52EE1 /* Project object */;
}
